
Microsoft Visual Studio Solution File, Format Version 12.00
# Visual Studio Version 17
VisualStudioVersion = 17.14.37531.7
MinimumVisualStudioVersion = 10.0.40219.1
Project("{FAE04EC0-301F-11D3-BF4B-00C04F79EFBC}") = "NavigationAutoPublisherExtension", "Tridion.IntegrationEngine.TridionEventHandler\NavigationAutoPublisherExtension.csproj", "{6268133B-BA16-483E-9635-BB5A676553CF}"
EndProject
Global
	GlobalSection(SolutionConfigurationPlatforms) = preSolution
		Debug|Any CPU = Debug|Any CPU
		Release|Any CPU = Release|Any CPU
	EndGlobalSection
	GlobalSection(ProjectConfigurationPlatforms) = postSolution
		{6268133B-BA16-483E-9635-BB5A676553CF}.Debug|Any CPU.ActiveCfg = Debug|Any CPU
		{6268133B-BA16-483E-9635-BB5A676553CF}.Debug|Any CPU.Build.0 = Debug|Any CPU
		{6268133B-BA16-483E-9635-BB5A676553CF}.Release|Any CPU.ActiveCfg = Release|Any CPU
		{6268133B-BA16-483E-9635-BB5A676553CF}.Release|Any CPU.Build.0 = Release|Any CPU
	EndGlobalSection
	GlobalSection(SolutionProperties) = preSolution
		HideSolutionNode = FALSE
	EndGlobalSection
	GlobalSection(ExtensibilityGlobals) = postSolution
		SolutionGuid = {96C8BABD-0E09-41D1-A2C6-CFB3EE193259}
	EndGlobalSection
EndGlobal
